
Microsoft Visual Studio Solution File, Format Version 12.00
Project("{2150E333-8FDC-42A3-9474-1A3956D46DE8}") = "Solution Items", "Solution Items", "{A21FD387-3AC4-4487-8C16-54DBF3C87FA8}"
	ProjectSection(SolutionItems) = preProject
		.gitignore = .gitignore
		readme.md = readme.md
		.gitlab-ci.yml = .gitlab-ci.yml
		.editorconfig = .editorconfig
		.env.example = .env.example
		.dockerignore = .dockerignore
		docker-compose.infrastructure.yml = docker-compose.infrastructure.yml
		Makefile = Makefile
		Dockerfile = Dockerfile
	EndProjectSection
EndProject
Project("{FAE04EC0-301F-11D3-BF4B-00C04F79EFBC}") = "Dictionary.Api", "src\Dictionary.Api\Dictionary.Api.csproj", "{23BD69E6-2942-4CCF-B8C3-EFFD3A180397}"
EndProject
Project("{2150E333-8FDC-42A3-9474-1A3956D46DE8}") = "tests", "tests", "{5143AEAC-2B81-440C-9C7A-02E0D44D88CE}"
EndProject
Project("{2150E333-8FDC-42A3-9474-1A3956D46DE8}") = "src", "src", "{6B76B842-E129-45D2-AEAE-645C018B0E00}"
EndProject
Project("{FAE04EC0-301F-11D3-BF4B-00C04F79EFBC}") = "Dictionary.Api.IntegrationTests", "tests\Dictionary.Api.IntegrationTests\Dictionary.Api.IntegrationTests.csproj", "{67529FEB-9814-41A8-AFDA-36B2AE87F0A6}"
EndProject
Project("{FAE04EC0-301F-11D3-BF4B-00C04F79EFBC}") = "Dictionary.Api.Infrastructure.Interfaces.Database", "src\Dictionary.Api.Infrastructure.Interfaces.Database\Dictionary.Api.Infrastructure.Interfaces.Database.csproj", "{5AAB0073-9C88-4B46-A7E5-6D76247F486B}"
EndProject
Project("{FAE04EC0-301F-11D3-BF4B-00C04F79EFBC}") = "Dictionary.Api.Infrastructure.Implementation.Database", "src\Dictionary.Api.Infrastructure.Implementation.Database\Dictionary.Api.Infrastructure.Implementation.Database.csproj", "{0E339F33-8F0B-447B-ACA3-D296CCAEE776}"
EndProject
Project("{FAE04EC0-301F-11D3-BF4B-00C04F79EFBC}") = "Dictionary.Api.Domain", "src\Dictionary.Api.Domain\Dictionary.Api.Domain.csproj", "{3F15D9DA-850C-4406-ADA1-BA51BC5EBC81}"
EndProject
Project("{2150E333-8FDC-42A3-9474-1A3956D46DE8}") = ".gitlab", ".gitlab", "{AB1172F3-2A13-4555-870C-74CC6B1E9E6D}"
EndProject
Project("{2150E333-8FDC-42A3-9474-1A3956D46DE8}") = "agents", "agents", "{63F337BE-498C-4F63-B655-3A19B079B714}"
EndProject
Project("{2150E333-8FDC-42A3-9474-1A3956D46DE8}") = "dictionary-api-agent", "dictionary-api-agent", "{BD02B10A-5F81-4F13-A43D-88C660368DDE}"
	ProjectSection(SolutionItems) = preProject
		.gitlab\agents\dictionary-api-agent\config.yaml = .gitlab\agents\dictionary-api-agent\config.yaml
	EndProjectSection
EndProject
Project("{2150E333-8FDC-42A3-9474-1A3956D46DE8}") = "deploy", "deploy", "{08E63AE2-8D2E-4515-9E2D-C2CA02E6CC4D}"
EndProject
Project("{2150E333-8FDC-42A3-9474-1A3956D46DE8}") = "manifests", "manifests", "{44836C42-C722-41D1-8B7F-E3FB9EB41CE0}"
	ProjectSection(SolutionItems) = preProject
		deploy\manifests\namespace.yml = deploy\manifests\namespace.yml
	EndProjectSection
EndProject
Global
	GlobalSection(SolutionConfigurationPlatforms) = preSolution
		Debug|Any CPU = Debug|Any CPU
		Release|Any CPU = Release|Any CPU
	EndGlobalSection
	GlobalSection(ProjectConfigurationPlatforms) = postSolution
		{23BD69E6-2942-4CCF-B8C3-EFFD3A180397}.Debug|Any CPU.ActiveCfg = Debug|Any CPU
		{23BD69E6-2942-4CCF-B8C3-EFFD3A180397}.Debug|Any CPU.Build.0 = Debug|Any CPU
		{23BD69E6-2942-4CCF-B8C3-EFFD3A180397}.Release|Any CPU.ActiveCfg = Release|Any CPU
		{23BD69E6-2942-4CCF-B8C3-EFFD3A180397}.Release|Any CPU.Build.0 = Release|Any CPU
		{67529FEB-9814-41A8-AFDA-36B2AE87F0A6}.Debug|Any CPU.ActiveCfg = Debug|Any CPU
		{67529FEB-9814-41A8-AFDA-36B2AE87F0A6}.Debug|Any CPU.Build.0 = Debug|Any CPU
		{67529FEB-9814-41A8-AFDA-36B2AE87F0A6}.Release|Any CPU.ActiveCfg = Release|Any CPU
		{67529FEB-9814-41A8-AFDA-36B2AE87F0A6}.Release|Any CPU.Build.0 = Release|Any CPU
		{5AAB0073-9C88-4B46-A7E5-6D76247F486B}.Debug|Any CPU.ActiveCfg = Debug|Any CPU
		{5AAB0073-9C88-4B46-A7E5-6D76247F486B}.Debug|Any CPU.Build.0 = Debug|Any CPU
		{5AAB0073-9C88-4B46-A7E5-6D76247F486B}.Release|Any CPU.ActiveCfg = Release|Any CPU
		{5AAB0073-9C88-4B46-A7E5-6D76247F486B}.Release|Any CPU.Build.0 = Release|Any CPU
		{0E339F33-8F0B-447B-ACA3-D296CCAEE776}.Debug|Any CPU.ActiveCfg = Debug|Any CPU
		{0E339F33-8F0B-447B-ACA3-D296CCAEE776}.Debug|Any CPU.Build.0 = Debug|Any CPU
		{0E339F33-8F0B-447B-ACA3-D296CCAEE776}.Release|Any CPU.ActiveCfg = Release|Any CPU
		{0E339F33-8F0B-447B-ACA3-D296CCAEE776}.Release|Any CPU.Build.0 = Release|Any CPU
		{3F15D9DA-850C-4406-ADA1-BA51BC5EBC81}.Debug|Any CPU.ActiveCfg = Debug|Any CPU
		{3F15D9DA-850C-4406-ADA1-BA51BC5EBC81}.Debug|Any CPU.Build.0 = Debug|Any CPU
		{3F15D9DA-850C-4406-ADA1-BA51BC5EBC81}.Release|Any CPU.ActiveCfg = Release|Any CPU
		{3F15D9DA-850C-4406-ADA1-BA51BC5EBC81}.Release|Any CPU.Build.0 = Release|Any CPU
	EndGlobalSection
	GlobalSection(NestedProjects) = preSolution
		{23BD69E6-2942-4CCF-B8C3-EFFD3A180397} = {6B76B842-E129-45D2-AEAE-645C018B0E00}
		{67529FEB-9814-41A8-AFDA-36B2AE87F0A6} = {5143AEAC-2B81-440C-9C7A-02E0D44D88CE}
		{5AAB0073-9C88-4B46-A7E5-6D76247F486B} = {6B76B842-E129-45D2-AEAE-645C018B0E00}
		{0E339F33-8F0B-447B-ACA3-D296CCAEE776} = {6B76B842-E129-45D2-AEAE-645C018B0E00}
		{3F15D9DA-850C-4406-ADA1-BA51BC5EBC81} = {6B76B842-E129-45D2-AEAE-645C018B0E00}
		{AB1172F3-2A13-4555-870C-74CC6B1E9E6D} = {A21FD387-3AC4-4487-8C16-54DBF3C87FA8}
		{63F337BE-498C-4F63-B655-3A19B079B714} = {AB1172F3-2A13-4555-870C-74CC6B1E9E6D}
		{BD02B10A-5F81-4F13-A43D-88C660368DDE} = {63F337BE-498C-4F63-B655-3A19B079B714}
		{08E63AE2-8D2E-4515-9E2D-C2CA02E6CC4D} = {A21FD387-3AC4-4487-8C16-54DBF3C87FA8}
		{44836C42-C722-41D1-8B7F-E3FB9EB41CE0} = {08E63AE2-8D2E-4515-9E2D-C2CA02E6CC4D}
	EndGlobalSection
EndGlobal
