
Microsoft Visual Studio Solution File, Format Version 12.00
Project("{2150E333-8FDC-42A3-9474-1A3956D46DE8}") = "Solution Items", "Solution Items", "{A21FD387-3AC4-4487-8C16-54DBF3C87FA8}"
	ProjectSection(SolutionItems) = preProject
		.gitignore = .gitignore
		readme.md = readme.md
		.gitlab-ci.yml = .gitlab-ci.yml
		.editorconfig = .editorconfig
		.env.example = .env.example
		.dockerignore = .dockerignore
		docker-compose.infrastructure.yml = docker-compose.infrastructure.yml
		Makefile = Makefile
		Dockerfile = Dockerfile
	EndProjectSection
EndProject
Project("{FAE04EC0-301F-11D3-BF4B-00C04F79EFBC}") = "Dictionary.Api", "src\Dictionary.Api\Dictionary.Api.csproj", "{23BD69E6-2942-4CCF-B8C3-EFFD3A180397}"
EndProject
Project("{2150E333-8FDC-42A3-9474-1A3956D46DE8}") = "tests", "tests", "{5143AEAC-2B81-440C-9C7A-02E0D44D88CE}"
EndProject
Project("{2150E333-8FDC-42A3-9474-1A3956D46DE8}") = "src", "src", "{6B76B842-E129-45D2-AEAE-645C018B0E00}"
EndProject
Project("{FAE04EC0-301F-11D3-BF4B-00C04F79EFBC}") = "Dictionary.Api.IntegrationTests", "tests\Dictionary.Api.IntegrationTests\Dictionary.Api.IntegrationTests.csproj", "{67529FEB-9814-41A8-AFDA-36B2AE87F0A6}"
EndProject
Project("{FAE04EC0-301F-11D3-BF4B-00C04F79EFBC}") = "Dictionary.Api.Infrastructure.Interfaces.Database", "src\Dictionary.Api.Infrastructure.Interfaces.Database\Dictionary.Api.Infrastructure.Interfaces.Database.csproj", "{5AAB0073-9C88-4B46-A7E5-6D76247F486B}"
EndProject
Project("{FAE04EC0-301F-11D3-BF4B-00C04F79EFBC}") = "Dictionary.Api.Infrastructure.Implementation.Database", "src\Dictionary.Api.Infrastructure.Implementation.Database\Dictionary.Api.Infrastructure.Implementation.Database.csproj", "{0E339F33-8F0B-447B-ACA3-D296CCAEE776}"
EndProject
Project("{FAE04EC0-301F-11D3-BF4B-00C04F79EFBC}") = "Dictionary.Api.Domain", "src\Dictionary.Api.Domain\Dictionary.Api.Domain.csproj", "{3F15D9DA-850C-4406-ADA1-BA51BC5EBC81}"
EndProject
Project("{FAE04EC0-301F-11D3-BF4B-00C04F79EFBC}") = "Dictionary.Api.UseCases", "src\Dictionary.Api.UseCases\Dictionary.Api.UseCases.csproj", "{B788695B-7336-4E95-BE54-C9C5276858C5}"
EndProject
Project("{FAE04EC0-301F-11D3-BF4B-00C04F79EFBC}") = "Dictionary.Api.Controllers", "src\Dictionary.Api.Controllers\Dictionary.Api.Controllers.csproj", "{51C6AF08-34FD-4419-92ED-6E487E894966}"
EndProject
Project("{FAE04EC0-301F-11D3-BF4B-00C04F79EFBC}") = "Dictionary.Api.Utilities", "src\Dictionary.Api.Utilities\Dictionary.Api.Utilities.csproj", "{017F1C3E-1FA2-4984-8A32-E77482384252}"
EndProject
Global
	GlobalSection(SolutionConfigurationPlatforms) = preSolution
		Debug|Any CPU = Debug|Any CPU
		Release|Any CPU = Release|Any CPU
	EndGlobalSection
	GlobalSection(ProjectConfigurationPlatforms) = postSolution
		{23BD69E6-2942-4CCF-B8C3-EFFD3A180397}.Debug|Any CPU.ActiveCfg = Debug|Any CPU
		{23BD69E6-2942-4CCF-B8C3-EFFD3A180397}.Debug|Any CPU.Build.0 = Debug|Any CPU
		{23BD69E6-2942-4CCF-B8C3-EFFD3A180397}.Release|Any CPU.ActiveCfg = Release|Any CPU
		{23BD69E6-2942-4CCF-B8C3-EFFD3A180397}.Release|Any CPU.Build.0 = Release|Any CPU
		{67529FEB-9814-41A8-AFDA-36B2AE87F0A6}.Debug|Any CPU.ActiveCfg = Debug|Any CPU
		{67529FEB-9814-41A8-AFDA-36B2AE87F0A6}.Debug|Any CPU.Build.0 = Debug|Any CPU
		{67529FEB-9814-41A8-AFDA-36B2AE87F0A6}.Release|Any CPU.ActiveCfg = Release|Any CPU
		{67529FEB-9814-41A8-AFDA-36B2AE87F0A6}.Release|Any CPU.Build.0 = Release|Any CPU
		{5AAB0073-9C88-4B46-A7E5-6D76247F486B}.Debug|Any CPU.ActiveCfg = Debug|Any CPU
		{5AAB0073-9C88-4B46-A7E5-6D76247F486B}.Debug|Any CPU.Build.0 = Debug|Any CPU
		{5AAB0073-9C88-4B46-A7E5-6D76247F486B}.Release|Any CPU.ActiveCfg = Release|Any CPU
		{5AAB0073-9C88-4B46-A7E5-6D76247F486B}.Release|Any CPU.Build.0 = Release|Any CPU
		{0E339F33-8F0B-447B-ACA3-D296CCAEE776}.Debug|Any CPU.ActiveCfg = Debug|Any CPU
		{0E339F33-8F0B-447B-ACA3-D296CCAEE776}.Debug|Any CPU.Build.0 = Debug|Any CPU
		{0E339F33-8F0B-447B-ACA3-D296CCAEE776}.Release|Any CPU.ActiveCfg = Release|Any CPU
		{0E339F33-8F0B-447B-ACA3-D296CCAEE776}.Release|Any CPU.Build.0 = Release|Any CPU
		{3F15D9DA-850C-4406-ADA1-BA51BC5EBC81}.Debug|Any CPU.ActiveCfg = Debug|Any CPU
		{3F15D9DA-850C-4406-ADA1-BA51BC5EBC81}.Debug|Any CPU.Build.0 = Debug|Any CPU
		{3F15D9DA-850C-4406-ADA1-BA51BC5EBC81}.Release|Any CPU.ActiveCfg = Release|Any CPU
		{3F15D9DA-850C-4406-ADA1-BA51BC5EBC81}.Release|Any CPU.Build.0 = Release|Any CPU
		{B788695B-7336-4E95-BE54-C9C5276858C5}.Debug|Any CPU.ActiveCfg = Debug|Any CPU
		{B788695B-7336-4E95-BE54-C9C5276858C5}.Debug|Any CPU.Build.0 = Debug|Any CPU
		{B788695B-7336-4E95-BE54-C9C5276858C5}.Release|Any CPU.ActiveCfg = Release|Any CPU
		{B788695B-7336-4E95-BE54-C9C5276858C5}.Release|Any CPU.Build.0 = Release|Any CPU
		{51C6AF08-34FD-4419-92ED-6E487E894966}.Debug|Any CPU.ActiveCfg = Debug|Any CPU
		{51C6AF08-34FD-4419-92ED-6E487E894966}.Debug|Any CPU.Build.0 = Debug|Any CPU
		{51C6AF08-34FD-4419-92ED-6E487E894966}.Release|Any CPU.ActiveCfg = Release|Any CPU
		{51C6AF08-34FD-4419-92ED-6E487E894966}.Release|Any CPU.Build.0 = Release|Any CPU
		{017F1C3E-1FA2-4984-8A32-E77482384252}.Debug|Any CPU.ActiveCfg = Debug|Any CPU
		{017F1C3E-1FA2-4984-8A32-E77482384252}.Debug|Any CPU.Build.0 = Debug|Any CPU
		{017F1C3E-1FA2-4984-8A32-E77482384252}.Release|Any CPU.ActiveCfg = Release|Any CPU
		{017F1C3E-1FA2-4984-8A32-E77482384252}.Release|Any CPU.Build.0 = Release|Any CPU
	EndGlobalSection
	GlobalSection(NestedProjects) = preSolution
		{23BD69E6-2942-4CCF-B8C3-EFFD3A180397} = {6B76B842-E129-45D2-AEAE-645C018B0E00}
		{67529FEB-9814-41A8-AFDA-36B2AE87F0A6} = {5143AEAC-2B81-440C-9C7A-02E0D44D88CE}
		{5AAB0073-9C88-4B46-A7E5-6D76247F486B} = {6B76B842-E129-45D2-AEAE-645C018B0E00}
		{0E339F33-8F0B-447B-ACA3-D296CCAEE776} = {6B76B842-E129-45D2-AEAE-645C018B0E00}
		{3F15D9DA-850C-4406-ADA1-BA51BC5EBC81} = {6B76B842-E129-45D2-AEAE-645C018B0E00}
		{B788695B-7336-4E95-BE54-C9C5276858C5} = {6B76B842-E129-45D2-AEAE-645C018B0E00}
		{51C6AF08-34FD-4419-92ED-6E487E894966} = {6B76B842-E129-45D2-AEAE-645C018B0E00}
		{017F1C3E-1FA2-4984-8A32-E77482384252} = {6B76B842-E129-45D2-AEAE-645C018B0E00}
	EndGlobalSection
EndGlobal
